
Microsoft Visual Studio Solution File, Format Version 12.00
Project("{FAE04EC0-301F-11D3-BF4B-00C04F79EFBC}") = "UtBot", "UtBot\UtBot.csproj", "{573A2CF1-56F0-4350-A018-E25A52A86E63}"
EndProject
Project("{FAE04EC0-301F-11D3-BF4B-00C04F79EFBC}") = "UtBot.VSharp", "UtBot.VSharp\UtBot.VSharp.csproj", "{C076EF37-4DCA-4852-9D5D-04B18E662DBF}"
EndProject
Project("{FAE04EC0-301F-11D3-BF4B-00C04F79EFBC}") = "UtBot.Rd", "UtBot.Rd\UtBot.Rd.csproj", "{B8B9FF73-A630-4476-82BD-C0BBD8C8A9E5}"
EndProject
Global
	GlobalSection(SolutionConfigurationPlatforms) = preSolution
		Debug|Any CPU = Debug|Any CPU
		Release|Any CPU = Release|Any CPU
	EndGlobalSection
	GlobalSection(ProjectConfigurationPlatforms) = postSolution
		{573A2CF1-56F0-4350-A018-E25A52A86E63}.Debug|Any CPU.ActiveCfg = Debug|Any CPU
		{573A2CF1-56F0-4350-A018-E25A52A86E63}.Debug|Any CPU.Build.0 = Debug|Any CPU
		{573A2CF1-56F0-4350-A018-E25A52A86E63}.Release|Any CPU.ActiveCfg = Release|Any CPU
		{573A2CF1-56F0-4350-A018-E25A52A86E63}.Release|Any CPU.Build.0 = Release|Any CPU
		{C076EF37-4DCA-4852-9D5D-04B18E662DBF}.Debug|Any CPU.ActiveCfg = Debug|Any CPU
		{C076EF37-4DCA-4852-9D5D-04B18E662DBF}.Debug|Any CPU.Build.0 = Debug|Any CPU
		{C076EF37-4DCA-4852-9D5D-04B18E662DBF}.Release|Any CPU.ActiveCfg = Release|Any CPU
		{C076EF37-4DCA-4852-9D5D-04B18E662DBF}.Release|Any CPU.Build.0 = Release|Any CPU
		{B8B9FF73-A630-4476-82BD-C0BBD8C8A9E5}.Debug|Any CPU.ActiveCfg = Debug|Any CPU
		{B8B9FF73-A630-4476-82BD-C0BBD8C8A9E5}.Debug|Any CPU.Build.0 = Debug|Any CPU
		{B8B9FF73-A630-4476-82BD-C0BBD8C8A9E5}.Release|Any CPU.ActiveCfg = Release|Any CPU
		{B8B9FF73-A630-4476-82BD-C0BBD8C8A9E5}.Release|Any CPU.Build.0 = Release|Any CPU
	EndGlobalSection
EndGlobal
